
Microsoft Visual Studio Solution File, Format Version 12.00
# Visual Studio Version 17
VisualStudioVersion = 17.9.34622.214
MinimumVisualStudioVersion = 10.0.40219.1
Project("{8BC9CEB8-8B4A-11D0-8D11-00A0C91BC942}") = "NS-shaft", "NS-shaft.vcxproj", "{F689F2DB-F4E4-4101-A38E-B429B3BBE4A5}"
EndProject
Project("{2150E333-8FDC-42A3-9474-1A3956D46DE8}") = "head", "head", "{D4F17B2D-F457-4BF7-B2E2-5D24791D90B3}"
EndProject
Global
	GlobalSection(SolutionConfigurationPlatforms) = preSolution
		Debug|x64 = Debug|x64
		Debug|x86 = Debug|x86
		Release|x64 = Release|x64
		Release|x86 = Release|x86
	EndGlobalSection
	GlobalSection(ProjectConfigurationPlatforms) = postSolution
		{F689F2DB-F4E4-4101-A38E-B429B3BBE4A5}.Debug|x64.ActiveCfg = Debug|x64
		{F689F2DB-F4E4-4101-A38E-B429B3BBE4A5}.Debug|x64.Build.0 = Debug|x64
		{F689F2DB-F4E4-4101-A38E-B429B3BBE4A5}.Debug|x86.ActiveCfg = Debug|Win32
		{F689F2DB-F4E4-4101-A38E-B429B3BBE4A5}.Debug|x86.Build.0 = Debug|Win32
		{F689F2DB-F4E4-4101-A38E-B429B3BBE4A5}.Release|x64.ActiveCfg = Release|x64
		{F689F2DB-F4E4-4101-A38E-B429B3BBE4A5}.Release|x64.Build.0 = Release|x64
		{F689F2DB-F4E4-4101-A38E-B429B3BBE4A5}.Release|x86.ActiveCfg = Release|Win32
		{F689F2DB-F4E4-4101-A38E-B429B3BBE4A5}.Release|x86.Build.0 = Release|Win32
	EndGlobalSection
	GlobalSection(SolutionProperties) = preSolution
		HideSolutionNode = FALSE
	EndGlobalSection
	GlobalSection(ExtensibilityGlobals) = postSolution
		SolutionGuid = {EC2D8CF7-DF8B-4091-A3FC-B3A1BB56955D}
	EndGlobalSection
EndGlobal
