<?xml version="1.0" encoding="utf-8"?>
<Project ToolsVersion="4.0" xmlns="http://schemas.microsoft.com/developer/msbuild/2003">
  <ItemGroup>
    <ClInclude Include="all.h">
      <Filter>head</Filter>
    </ClInclude>
    <ClInclude Include="scene.h">
      <Filter>head</Filter>
    </ClInclude>
    <ClInclude Include="Anime.h">
      <Filter>head</Filter>
    </ClInclude>
    <ClInclude Include="board.h">
      <Filter>head</Filter>
    </ClInclude>
    <ClInclude Include="Character.h">
      <Filter>head</Filter>
    </ClInclude>
    <ClInclude Include="Draw.h">
      <Filter>head</Filter>
    </ClInclude>
    <ClInclude Include="role.h">
      <Filter>head</Filter>
    </ClInclude>
    <ClInclude Include="Timer.h">
      <Filter>head</Filter>
    </ClInclude>
    <ClInclude Include="unit.h">
      <Filter>head</Filter>
    </ClInclude>
  </ItemGroup>
  <ItemGroup>
    <ClCompile Include="graph.cpp">
      <Filter>yuan</Filter>
    </ClCompile>
    <ClCompile Include="Timer.cpp">
      <Filter>yuan</Filter>
    </ClCompile>
    <ClCompile Include="role.cpp">
      <Filter>yuan</Filter>
    </ClCompile>
    <ClCompile Include="Draw.cpp">
      <Filter>yuan</Filter>
    </ClCompile>
    <ClCompile Include="Character.cpp">
      <Filter>yuan</Filter>
    </ClCompile>
    <ClCompile Include="board.cpp">
      <Filter>yuan</Filter>
    </ClCompile>
    <ClCompile Include="Anime.cpp">
      <Filter>yuan</Filter>
    </ClCompile>
    <ClCompile Include="scene.cpp">
      <Filter>yuan</Filter>
    </ClCompile>
    <ClCompile Include="gytest.cpp">
      <Filter>测试函数</Filter>
    </ClCompile>
    <ClCompile Include="jpctestmain.cpp">
      <Filter>测试函数</Filter>
    </ClCompile>
  </ItemGroup>
  <ItemGroup>
    <Filter Include="head">
      <UniqueIdentifier>{03e506ed-dcfc-4403-958a-86005190c489}</UniqueIdentifier>
    </Filter>
    <Filter Include="yuan">
      <UniqueIdentifier>{c3b452ff-e8c9-4419-adf5-e94f7c08c2f7}</UniqueIdentifier>
    </Filter>
    <Filter Include="测试函数">
      <UniqueIdentifier>{75973f50-8f08-48d2-b09c-2533a619e2ac}</UniqueIdentifier>
    </Filter>
  </ItemGroup>
</Project>